
Microsoft Visual Studio Solution File, Format Version 12.00
# Visual Studio Version 17
VisualStudioVersion = 17.3.32901.215
MinimumVisualStudioVersion = 10.0.40219.1
Project("{FAE04EC0-301F-11D3-BF4B-00C04F79EFBC}") = "Queues_044", "Queues_044\Queues_044.csproj", "{4FB2A2F1-F73C-41EF-A1A5-96B9A265D732}"
EndProject
Global
	GlobalSection(SolutionConfigurationPlatforms) = preSolution
		Debug|Any CPU = Debug|Any CPU
		Release|Any CPU = Release|Any CPU
	EndGlobalSection
	GlobalSection(ProjectConfigurationPlatforms) = postSolution
		{4FB2A2F1-F73C-41EF-A1A5-96B9A265D732}.Debug|Any CPU.ActiveCfg = Debug|Any CPU
		{4FB2A2F1-F73C-41EF-A1A5-96B9A265D732}.Debug|Any CPU.Build.0 = Debug|Any CPU
		{4FB2A2F1-F73C-41EF-A1A5-96B9A265D732}.Release|Any CPU.ActiveCfg = Release|Any CPU
		{4FB2A2F1-F73C-41EF-A1A5-96B9A265D732}.Release|Any CPU.Build.0 = Release|Any CPU
	EndGlobalSection
	GlobalSection(SolutionProperties) = preSolution
		HideSolutionNode = FALSE
	EndGlobalSection
	GlobalSection(ExtensibilityGlobals) = postSolution
		SolutionGuid = {A972E0C3-67A5-4738-ADD8-854CD2CEDA42}
	EndGlobalSection
EndGlobal
